{
  "name": "@shack-js/auto-routes-loader",
  "version": "1.0.0",
  "lockfileVersion": 2,
  "requires": true,
  "packages": {
    "": {
      "name": "@shack-js/auto-routes-loader",
      "version": "1.0.0",
      "license": "ISC",
      "devDependencies": {
        "@types/loader-utils": "^2.0.3",
        "@types/node": "^18.8.5",
        "typescript": "^4.8.4"
      }
    },
    "node_modules/@types/loader-utils": {
      "version": "2.0.3",
      "resolved": "https://registry.npmjs.org/@types/loader-utils/-/loader-utils-2.0.3.tgz",
      "integrity": "sha512-sDXXzZnTLXgdso54/iOpAFSDgqhVXabCvwGAt77Agadh/Xk0QYgOk520r3tpOouI098gyqGIFywx8Op1voc3vQ==",
      "dev": true,
      "dependencies": {
        "@types/node": "*",
        "@types/webpack": "^4"
      }
    },
    "node_modules/@types/node": {
      "version": "18.8.5",
      "resolved": "https://registry.npmjs.org/@types/node/-/node-18.8.5.tgz",
      "integrity": "sha512-Bq7G3AErwe5A/Zki5fdD3O6+0zDChhg671NfPjtIcbtzDNZTv4NPKMRFr7gtYPG7y+B8uTiNK4Ngd9T0FTar6Q==",
      "dev": true
    },
    "node_modules/@types/source-list-map": {
      "version": "0.1.2",
      "resolved": "https://registry.npmjs.org/@types/source-list-map/-/source-list-map-0.1.2.tgz",
      "integrity": "sha512-K5K+yml8LTo9bWJI/rECfIPrGgxdpeNbj+d53lwN4QjW1MCwlkhUms+gtdzigTeUyBr09+u8BwOIY3MXvHdcsA==",
      "dev": true
    },
    "node_modules/@types/tapable": {
      "version": "1.0.8",
      "resolved": "https://registry.npmjs.org/@types/tapable/-/tapable-1.0.8.tgz",
      "integrity": "sha512-ipixuVrh2OdNmauvtT51o3d8z12p6LtFW9in7U79der/kwejjdNchQC5UMn5u/KxNoM7VHHOs/l8KS8uHxhODQ==",
      "dev": true
    },
    "node_modules/@types/uglify-js": {
      "version": "3.17.0",
      "resolved": "https://registry.npmjs.org/@types/uglify-js/-/uglify-js-3.17.0.tgz",
      "integrity": "sha512-3HO6rm0y+/cqvOyA8xcYLweF0TKXlAxmQASjbOi49Co51A1N4nR4bEwBgRoD9kNM+rqFGArjKr654SLp2CoGmQ==",
      "dev": true,
      "dependencies": {
        "source-map": "^0.6.1"
      }
    },
    "node_modules/@types/webpack": {
      "version": "4.41.32",
      "resolved": "https://registry.npmjs.org/@types/webpack/-/webpack-4.41.32.tgz",
      "integrity": "sha512-cb+0ioil/7oz5//7tZUSwbrSAN/NWHrQylz5cW8G0dWTcF/g+/dSdMlKVZspBYuMAN1+WnwHrkxiRrLcwd0Heg==",
      "dev": true,
      "dependencies": {
        "@types/node": "*",
        "@types/tapable": "^1",
        "@types/uglify-js": "*",
        "@types/webpack-sources": "*",
        "anymatch": "^3.0.0",
        "source-map": "^0.6.0"
      }
    },
    "node_modules/@types/webpack-sources": {
      "version": "3.2.0",
      "resolved": "https://registry.npmjs.org/@types/webpack-sources/-/webpack-sources-3.2.0.tgz",
      "integrity": "sha512-Ft7YH3lEVRQ6ls8k4Ff1oB4jN6oy/XmU6tQISKdhfh+1mR+viZFphS6WL0IrtDOzvefmJg5a0s7ZQoRXwqTEFg==",
      "dev": true,
      "dependencies": {
        "@types/node": "*",
        "@types/source-list-map": "*",
        "source-map": "^0.7.3"
      }
    },
    "node_modules/@types/webpack-sources/node_modules/source-map": {
      "version": "0.7.4",
      "resolved": "https://registry.npmjs.org/source-map/-/source-map-0.7.4.tgz",
      "integrity": "sha512-l3BikUxvPOcn5E74dZiq5BGsTb5yEwhaTSzccU6t4sDOH8NWJCstKO5QT2CvtFoK6F0saL7p9xHAqHOlCPJygA==",
      "dev": true,
      "engines": {
        "node": ">= 8"
      }
    },
    "node_modules/anymatch": {
      "version": "3.1.2",
      "resolved": "https://registry.npmjs.org/anymatch/-/anymatch-3.1.2.tgz",
      "integrity": "sha512-P43ePfOAIupkguHUycrc4qJ9kz8ZiuOUijaETwX7THt0Y/GNK7v0aa8rY816xWjZ7rJdA5XdMcpVFTKMq+RvWg==",
      "dev": true,
      "dependencies": {
        "normalize-path": "^3.0.0",
        "picomatch": "^2.0.4"
      },
      "engines": {
        "node": ">= 8"
      }
    },
    "node_modules/normalize-path": {
      "version": "3.0.0",
      "resolved": "https://registry.npmjs.org/normalize-path/-/normalize-path-3.0.0.tgz",
      "integrity": "sha512-6eZs5Ls3WtCisHWp9S2GUy8dqkpGi4BVSz3GaqiE6ezub0512ESztXUwUB6C6IKbQkY2Pnb/mD4WYojCRwcwLA==",
      "dev": true,
      "engines": {
        "node": ">=0.10.0"
      }
    },
    "node_modules/picomatch": {
      "version": "2.3.1",
      "resolved": "https://registry.npmjs.org/picomatch/-/picomatch-2.3.1.tgz",
      "integrity": "sha512-JU3teHTNjmE2VCGFzuY8EXzCDVwEqB2a8fsIvwaStHhAWJEeVd1o1QD80CU6+ZdEXXSLbSsuLwJjkCBWqRQUVA==",
      "dev": true,
      "engines": {
        "node": ">=8.6"
      },
      "funding": {
        "url": "https://github.com/sponsors/jonschlinkert"
      }
    },
    "node_modules/source-map": {
      "version": "0.6.1",
      "resolved": "https://registry.npmjs.org/source-map/-/source-map-0.6.1.tgz",
      "integrity": "sha512-UjgapumWlbMhkBgzT7Ykc5YXUT46F0iKu8SGXq0bcwP5dz/h0Plj6enJqjz1Zbq2l5WaqYnrVbwWOWMyF3F47g==",
      "dev": true,
      "engines": {
        "node": ">=0.10.0"
      }
    },
    "node_modules/typescript": {
      "version": "4.8.4",
      "resolved": "https://registry.npmjs.org/typescript/-/typescript-4.8.4.tgz",
      "integrity": "sha512-QCh+85mCy+h0IGff8r5XWzOVSbBO+KfeYrMQh7NJ58QujwcE22u+NUSmUxqF+un70P9GXKxa2HCNiTTMJknyjQ==",
      "dev": true,
      "bin": {
        "tsc": "bin/tsc",
        "tsserver": "bin/tsserver"
      },
      "engines": {
        "node": ">=4.2.0"
      }
    }
  },
  "dependencies": {
    "@types/loader-utils": {
      "version": "2.0.3",
      "resolved": "https://registry.npmjs.org/@types/loader-utils/-/loader-utils-2.0.3.tgz",
      "integrity": "sha512-sDXXzZnTLXgdso54/iOpAFSDgqhVXabCvwGAt77Agadh/Xk0QYgOk520r3tpOouI098gyqGIFywx8Op1voc3vQ==",
      "dev": true,
      "requires": {
        "@types/node": "*",
        "@types/webpack": "^4"
      }
    },
    "@types/node": {
      "version": "18.8.5",
      "resolved": "https://registry.npmjs.org/@types/node/-/node-18.8.5.tgz",
      "integrity": "sha512-Bq7G3AErwe5A/Zki5fdD3O6+0zDChhg671NfPjtIcbtzDNZTv4NPKMRFr7gtYPG7y+B8uTiNK4Ngd9T0FTar6Q==",
      "dev": true
    },
    "@types/source-list-map": {
      "version": "0.1.2",
      "resolved": "https://registry.npmjs.org/@types/source-list-map/-/source-list-map-0.1.2.tgz",
      "integrity": "sha512-K5K+yml8LTo9bWJI/rECfIPrGgxdpeNbj+d53lwN4QjW1MCwlkhUms+gtdzigTeUyBr09+u8BwOIY3MXvHdcsA==",
      "dev": true
    },
    "@types/tapable": {
      "version": "1.0.8",
      "resolved": "https://registry.npmjs.org/@types/tapable/-/tapable-1.0.8.tgz",
      "integrity": "sha512-ipixuVrh2OdNmauvtT51o3d8z12p6LtFW9in7U79der/kwejjdNchQC5UMn5u/KxNoM7VHHOs/l8KS8uHxhODQ==",
      "dev": true
    },
    "@types/uglify-js": {
      "version": "3.17.0",
      "resolved": "https://registry.npmjs.org/@types/uglify-js/-/uglify-js-3.17.0.tgz",
      "integrity": "sha512-3HO6rm0y+/cqvOyA8xcYLweF0TKXlAxmQASjbOi49Co51A1N4nR4bEwBgRoD9kNM+rqFGArjKr654SLp2CoGmQ==",
      "dev": true,
      "requires": {
        "source-map": "^0.6.1"
      }
    },
    "@types/webpack": {
      "version": "4.41.32",
      "resolved": "https://registry.npmjs.org/@types/webpack/-/webpack-4.41.32.tgz",
      "integrity": "sha512-cb+0ioil/7oz5//7tZUSwbrSAN/NWHrQylz5cW8G0dWTcF/g+/dSdMlKVZspBYuMAN1+WnwHrkxiRrLcwd0Heg==",
      "dev": true,
      "requires": {
        "@types/node": "*",
        "@types/tapable": "^1",
        "@types/uglify-js": "*",
        "@types/webpack-sources": "*",
        "anymatch": "^3.0.0",
        "source-map": "^0.6.0"
      }
    },
    "@types/webpack-sources": {
      "version": "3.2.0",
      "resolved": "https://registry.npmjs.org/@types/webpack-sources/-/webpack-sources-3.2.0.tgz",
      "integrity": "sha512-Ft7YH3lEVRQ6ls8k4Ff1oB4jN6oy/XmU6tQISKdhfh+1mR+viZFphS6WL0IrtDOzvefmJg5a0s7ZQoRXwqTEFg==",
      "dev": true,
      "requires": {
        "@types/node": "*",
        "@types/source-list-map": "*",
        "source-map": "^0.7.3"
      },
      "dependencies": {
        "source-map": {
          "version": "0.7.4",
          "resolved": "https://registry.npmjs.org/source-map/-/source-map-0.7.4.tgz",
          "integrity": "sha512-l3BikUxvPOcn5E74dZiq5BGsTb5yEwhaTSzccU6t4sDOH8NWJCstKO5QT2CvtFoK6F0saL7p9xHAqHOlCPJygA==",
          "dev": true
        }
      }
    },
    "anymatch": {
      "version": "3.1.2",
      "resolved": "https://registry.npmjs.org/anymatch/-/anymatch-3.1.2.tgz",
      "integrity": "sha512-P43ePfOAIupkguHUycrc4qJ9kz8ZiuOUijaETwX7THt0Y/GNK7v0aa8rY816xWjZ7rJdA5XdMcpVFTKMq+RvWg==",
      "dev": true,
      "requires": {
        "normalize-path": "^3.0.0",
        "picomatch": "^2.0.4"
      }
    },
    "normalize-path": {
      "version": "3.0.0",
      "resolved": "https://registry.npmjs.org/normalize-path/-/normalize-path-3.0.0.tgz",
      "integrity": "sha512-6eZs5Ls3WtCisHWp9S2GUy8dqkpGi4BVSz3GaqiE6ezub0512ESztXUwUB6C6IKbQkY2Pnb/mD4WYojCRwcwLA==",
      "dev": true
    },
    "picomatch": {
      "version": "2.3.1",
      "resolved": "https://registry.npmjs.org/picomatch/-/picomatch-2.3.1.tgz",
      "integrity": "sha512-JU3teHTNjmE2VCGFzuY8EXzCDVwEqB2a8fsIvwaStHhAWJEeVd1o1QD80CU6+ZdEXXSLbSsuLwJjkCBWqRQUVA==",
      "dev": true
    },
    "source-map": {
      "version": "0.6.1",
      "resolved": "https://registry.npmjs.org/source-map/-/source-map-0.6.1.tgz",
      "integrity": "sha512-UjgapumWlbMhkBgzT7Ykc5YXUT46F0iKu8SGXq0bcwP5dz/h0Plj6enJqjz1Zbq2l5WaqYnrVbwWOWMyF3F47g==",
      "dev": true
    },
    "typescript": {
      "version": "4.8.4",
      "resolved": "https://registry.npmjs.org/typescript/-/typescript-4.8.4.tgz",
      "integrity": "sha512-QCh+85mCy+h0IGff8r5XWzOVSbBO+KfeYrMQh7NJ58QujwcE22u+NUSmUxqF+un70P9GXKxa2HCNiTTMJknyjQ==",
      "dev": true
    }
  }
}
